{
  "name": "gowo",
  "version": "0.0.23",
  "lockfileVersion": 1,
  "requires": true,
  "dependencies": {
    "bls-lib": {
      "version": "0.3.4",
      "resolved": "https://registry.npmjs.org/bls-lib/-/bls-lib-0.3.4.tgz",
      "integrity": "sha512-lLohYHjxB1Syo4jI8Fa0UPvyl4VgtOGQAsLmTUATQ/ktmRITA/N840x8zNUCyM4uju3EEQtGnNnTOfc2AHOxJQ==",
      "requires": {
        "nop": "^1.0.0",
        "safe-buffer": "^5.1.1"
      }
    },
    "nop": {
      "version": "1.0.0",
      "resolved": "https://registry.npmjs.org/nop/-/nop-1.0.0.tgz",
      "integrity": "sha1-y0bPfgFXSqY5CFgUn2aJev5Tyco="
    },
    "safe-buffer": {
      "version": "5.1.2",
      "resolved": "https://registry.npmjs.org/safe-buffer/-/safe-buffer-5.1.2.tgz",
      "integrity": "sha512-Gd2UZBJDkXlY7GbJxfsE8/nvKkUEU1G38c1siN6QP6a9PT9MmHB8GnpscSmMJSoF8LOIrt8ud/wPtojys4G6+g=="
    }
  }
}
